// !$*UTF8*$!
{
	archiveVersion = 1;
	classes = {
	};
	objectVersion = 50;
	objects = {

/* Begin PBXBuildFile section */
		9B352D5D263594D200C1623B /* AppDelegate.swift in Sources */ = {isa = PBXBuildFile; fileRef = 9B352D5C263594D200C1623B /* AppDelegate.swift */; };
		9B352D5F263594D200C1623B /* SceneDelegate.swift in Sources */ = {isa = PBXBuildFile; fileRef = 9B352D5E263594D200C1623B /* SceneDelegate.swift */; };
		9B352D61263594D200C1623B /* ViewController.swift in Sources */ = {isa = PBXBuildFile; fileRef = 9B352D60263594D200C1623B /* ViewController.swift */; };
		9B352D64263594D200C1623B /* Main.storyboard in Resources */ = {isa = PBXBuildFile; fileRef = 9B352D62263594D200C1623B /* Main.storyboard */; };
		9B352D66263594D300C1623B /* Assets.xcassets in Resources */ = {isa = PBXBuildFile; fileRef = 9B352D65263594D300C1623B /* Assets.xcassets */; };
		9B352D69263594D300C1623B /* LaunchScreen.storyboard in Resources */ = {isa = PBXBuildFile; fileRef = 9B352D67263594D300C1623B /* LaunchScreen.storyboard */; };
		9B352D74263594D300C1623B /* Scroll_View___Example_4Tests.swift in Sources */ = {isa = PBXBuildFile; fileRef = 9B352D73263594D300C1623B /* Scroll_View___Example_4Tests.swift */; };
		9B352D7F263594D300C1623B /* Scroll_View___Example_4UITests.swift in Sources */ = {isa = PBXBuildFile; fileRef = 9B352D7E263594D300C1623B /* Scroll_View___Example_4UITests.swift */; };
/* End PBXBuildFile section */

/* Begin PBXContainerItemProxy section */
		9B352D70263594D300C1623B /* PBXContainerItemProxy */ = {
			isa = PBXContainerItemProxy;
			containerPortal = 9B352D51263594D200C1623B /* Project object */;
			proxyType = 1;
			remoteGlobalIDString = 9B352D58263594D200C1623B;
			remoteInfo = "Scroll View - Example 4";
		};
		9B352D7B263594D300C1623B /* PBXContainerItemProxy */ = {
			isa = PBXContainerItemProxy;
			containerPortal = 9B352D51263594D200C1623B /* Project object */;
			proxyType = 1;
			remoteGlobalIDString = 9B352D58263594D200C1623B;
			remoteInfo = "Scroll View - Example 4";
		};
/* End PBXContainerItemProxy section */

/* Begin PBXFileReference section */
		9B352D59263594D200C1623B /* Scroll View - Example 4.app */ = {isa = PBXFileReference; explicitFileType = wrapper.application; includeInIndex = 0; path = "Scroll View - Example 4.app"; sourceTree = BUILT_PRODUCTS_DIR; };
		9B352D5C263594D200C1623B /* AppDelegate.swift */ = {isa = PBXFileReference; lastKnownFileType = sourcecode.swift; path = AppDelegate.swift; sourceTree = "<group>"; };
		9B352D5E263594D200C1623B /* SceneDelegate.swift */ = {isa = PBXFileReference; lastKnownFileType = sourcecode.swift; path = SceneDelegate.swift; sourceTree = "<group>"; };
		9B352D60263594D200C1623B /* ViewController.swift */ = {isa = PBXFileReference; lastKnownFileType = sourcecode.swift; path = ViewController.swift; sourceTree = "<group>"; };
		9B352D63263594D200C1623B /* Base */ = {isa = PBXFileReference; lastKnownFileType = file.storyboard; name = Base; path = Base.lproj/Main.storyboard; sourceTree = "<group>"; };
		9B352D65263594D300C1623B /* Assets.xcassets */ = {isa = PBXFileReference; lastKnownFileType = folder.assetcatalog; path = Assets.xcassets; sourceTree = "<group>"; };
		9B352D68263594D300C1623B /* Base */ = {isa = PBXFileReference; lastKnownFileType = file.storyboard; name = Base; path = Base.lproj/LaunchScreen.storyboard; sourceTree = "<group>"; };
		9B352D6A263594D300C1623B /* Info.plist */ = {isa = PBXFileReference; lastKnownFileType = text.plist.xml; path = Info.plist; sourceTree = "<group>"; };
		9B352D6F263594D300C1623B /* Scroll View - Example 4Tests.xctest */ = {isa = PBXFileReference; explicitFileType = wrapper.cfbundle; includeInIndex = 0; path = "Scroll View - Example 4Tests.xctest"; sourceTree = BUILT_PRODUCTS_DIR; };
		9B352D73263594D300C1623B /* Scroll_View___Example_4Tests.swift */ = {isa = PBXFileReference; lastKnownFileType = sourcecode.swift; path = "Scroll_View___Example_4Tests.swift"; sourceTree = "<group>"; };
		9B352D75263594D300C1623B /* Info.plist */ = {isa = PBXFileReference; lastKnownFileType = text.plist.xml; path = Info.plist; sourceTree = "<group>"; };
		9B352D7A263594D300C1623B /* Scroll View - Example 4UITests.xctest */ = {isa = PBXFileReference; explicitFileType = wrapper.cfbundle; includeInIndex = 0; path = "Scroll View - Example 4UITests.xctest"; sourceTree = BUILT_PRODUCTS_DIR; };
		9B352D7E263594D300C1623B /* Scroll_View___Example_4UITests.swift */ = {isa = PBXFileReference; lastKnownFileType = sourcecode.swift; path = "Scroll_View___Example_4UITests.swift"; sourceTree = "<group>"; };
		9B352D80263594D300C1623B /* Info.plist */ = {isa = PBXFileReference; lastKnownFileType = text.plist.xml; path = Info.plist; sourceTree = "<group>"; };
/* End PBXFileReference section */

/* Begin PBXFrameworksBuildPhase section */
		9B352D56263594D200C1623B /* Frameworks */ = {
			isa = PBXFrameworksBuildPhase;
			buildActionMask = 2147483647;
			files = (
			);
			runOnlyForDeploymentPostprocessing = 0;
		};
		9B352D6C263594D300C1623B /* Frameworks */ = {
			isa = PBXFrameworksBuildPhase;
			buildActionMask = 2147483647;
			files = (
			);
			runOnlyForDeploymentPostprocessing = 0;
		};
		9B352D77263594D300C1623B /* Frameworks */ = {
			isa = PBXFrameworksBuildPhase;
			buildActionMask = 2147483647;
			files = (
			);
			runOnlyForDeploymentPostprocessing = 0;
		};
/* End PBXFrameworksBuildPhase section */

/* Begin PBXGroup section */
		9B352D50263594D200C1623B = {
			isa = PBXGroup;
			children = (
				9B352D5B263594D200C1623B /* Scroll View - Example 4 */,
				9B352D72263594D300C1623B /* Scroll View - Example 4Tests */,
				9B352D7D263594D300C1623B /* Scroll View - Example 4UITests */,
				9B352D5A263594D200C1623B /* Products */,
			);
			sourceTree = "<group>";
		};
		9B352D5A263594D200C1623B /* Products */ = {
			isa = PBXGroup;
			children = (
				9B352D59263594D200C1623B /* Scroll View - Example 4.app */,
				9B352D6F263594D300C1623B /* Scroll View - Example 4Tests.xctest */,
				9B352D7A263594D300C1623B /* Scroll View - Example 4UITests.xctest */,
			);
			name = Products;
			sourceTree = "<group>";
		};
		9B352D5B263594D200C1623B /* Scroll View - Example 4 */ = {
			isa = PBXGroup;
			children = (
				9B352D5C263594D200C1623B /* AppDelegate.swift */,
				9B352D5E263594D200C1623B /* SceneDelegate.swift */,
				9B352D60263594D200C1623B /* ViewController.swift */,
				9B352D62263594D200C1623B /* Main.storyboard */,
				9B352D65263594D300C1623B /* Assets.xcassets */,
				9B352D67263594D300C1623B /* LaunchScreen.storyboard */,
				9B352D6A263594D300C1623B /* Info.plist */,
			);
			path = "Scroll View - Example 4";
			sourceTree = "<group>";
		};
		9B352D72263594D300C1623B /* Scroll View - Example 4Tests */ = {
			isa = PBXGroup;
			children = (
				9B352D73263594D300C1623B /* Scroll_View___Example_4Tests.swift */,
				9B352D75263594D300C1623B /* Info.plist */,
			);
			path = "Scroll View - Example 4Tests";
			sourceTree = "<group>";
		};
		9B352D7D263594D300C1623B /* Scroll View - Example 4UITests */ = {
			isa = PBXGroup;
			children = (
				9B352D7E263594D300C1623B /* Scroll_View___Example_4UITests.swift */,
				9B352D80263594D300C1623B /* Info.plist */,
			);
			path = "Scroll View - Example 4UITests";
			sourceTree = "<group>";
		};
/* End PBXGroup section */

/* Begin PBXNativeTarget section */
		9B352D58263594D200C1623B /* Scroll View - Example 4 */ = {
			isa = PBXNativeTarget;
			buildConfigurationList = 9B352D83263594D300C1623B /* Build configuration list for PBXNativeTarget "Scroll View - Example 4" */;
			buildPhases = (
				9B352D55263594D200C1623B /* Sources */,
				9B352D56263594D200C1623B /* Frameworks */,
				9B352D57263594D200C1623B /* Resources */,
			);
			buildRules = (
			);
			dependencies = (
			);
			name = "Scroll View - Example 4";
			productName = "Scroll View - Example 4";
			productReference = 9B352D59263594D200C1623B /* Scroll View - Example 4.app */;
			productType = "com.apple.product-type.application";
		};
		9B352D6E263594D300C1623B /* Scroll View - Example 4Tests */ = {
			isa = PBXNativeTarget;
			buildConfigurationList = 9B352D86263594D300C1623B /* Build configuration list for PBXNativeTarget "Scroll View - Example 4Tests" */;
			buildPhases = (
				9B352D6B263594D300C1623B /* Sources */,
				9B352D6C263594D300C1623B /* Frameworks */,
				9B352D6D263594D300C1623B /* Resources */,
			);
			buildRules = (
			);
			dependencies = (
				9B352D71263594D300C1623B /* PBXTargetDependency */,
			);
			name = "Scroll View - Example 4Tests";
			productName = "Scroll View - Example 4Tests";
			productReference = 9B352D6F263594D300C1623B /* Scroll View - Example 4Tests.xctest */;
			productType = "com.apple.product-type.bundle.unit-test";
		};
		9B352D79263594D300C1623B /* Scroll View - Example 4UITests */ = {
			isa = PBXNativeTarget;
			buildConfigurationList = 9B352D89263594D300C1623B /* Build configuration list for PBXNativeTarget "Scroll View - Example 4UITests" */;
			buildPhases = (
				9B352D76263594D300C1623B /* Sources */,
				9B352D77263594D300C1623B /* Frameworks */,
				9B352D78263594D300C1623B /* Resources */,
			);
			buildRules = (
			);
			dependencies = (
				9B352D7C263594D300C1623B /* PBXTargetDependency */,
			);
			name = "Scroll View - Example 4UITests";
			productName = "Scroll View - Example 4UITests";
			productReference = 9B352D7A263594D300C1623B /* Scroll View - Example 4UITests.xctest */;
			productType = "com.apple.product-type.bundle.ui-testing";
		};
/* End PBXNativeTarget section */

/* Begin PBXProject section */
		9B352D51263594D200C1623B /* Project object */ = {
			isa = PBXProject;
			attributes = {
				LastSwiftUpdateCheck = 1200;
				LastUpgradeCheck = 1200;
				TargetAttributes = {
					9B352D58263594D200C1623B = {
						CreatedOnToolsVersion = 12.0;
					};
					9B352D6E263594D300C1623B = {
						CreatedOnToolsVersion = 12.0;
						TestTargetID = 9B352D58263594D200C1623B;
					};
					9B352D79263594D300C1623B = {
						CreatedOnToolsVersion = 12.0;
						TestTargetID = 9B352D58263594D200C1623B;
					};
				};
			};
			buildConfigurationList = 9B352D54263594D200C1623B /* Build configuration list for PBXProject "Scroll View - Example 4" */;
			compatibilityVersion = "Xcode 9.3";
			developmentRegion = en;
			hasScannedForEncodings = 0;
			knownRegions = (
				en,
				Base,
			);
			mainGroup = 9B352D50263594D200C1623B;
			productRefGroup = 9B352D5A263594D200C1623B /* Products */;
			projectDirPath = "";
			projectRoot = "";
			targets = (
				9B352D58263594D200C1623B /* Scroll View - Example 4 */,
				9B352D6E263594D300C1623B /* Scroll View - Example 4Tests */,
				9B352D79263594D300C1623B /* Scroll View - Example 4UITests */,
			);
		};
/* End PBXProject section */

/* Begin PBXResourcesBuildPhase section */
		9B352D57263594D200C1623B /* Resources */ = {
			isa = PBXResourcesBuildPhase;
			buildActionMask = 2147483647;
			files = (
				9B352D69263594D300C1623B /* LaunchScreen.storyboard in Resources */,
				9B352D66263594D300C1623B /* Assets.xcassets in Resources */,
				9B352D64263594D200C1623B /* Main.storyboard in Resources */,
			);
			runOnlyForDeploymentPostprocessing = 0;
		};
		9B352D6D263594D300C1623B /* Resources */ = {
			isa = PBXResourcesBuildPhase;
			buildActionMask = 2147483647;
			files = (
			);
			runOnlyForDeploymentPostprocessing = 0;
		};
		9B352D78263594D300C1623B /* Resources */ = {
			isa = PBXResourcesBuildPhase;
			buildActionMask = 2147483647;
			files = (
			);
			runOnlyForDeploymentPostprocessing = 0;
		};
/* End PBXResourcesBuildPhase section */

/* Begin PBXSourcesBuildPhase section */
		9B352D55263594D200C1623B /* Sources */ = {
			isa = PBXSourcesBuildPhase;
			buildActionMask = 2147483647;
			files = (
				9B352D61263594D200C1623B /* ViewController.swift in Sources */,
				9B352D5D263594D200C1623B /* AppDelegate.swift in Sources */,
				9B352D5F263594D200C1623B /* SceneDelegate.swift in Sources */,
			);
			runOnlyForDeploymentPostprocessing = 0;
		};
		9B352D6B263594D300C1623B /* Sources */ = {
			isa = PBXSourcesBuildPhase;
			buildActionMask = 2147483647;
			files = (
				9B352D74263594D300C1623B /* Scroll_View___Example_4Tests.swift in Sources */,
			);
			runOnlyForDeploymentPostprocessing = 0;
		};
		9B352D76263594D300C1623B /* Sources */ = {
			isa = PBXSourcesBuildPhase;
			buildActionMask = 2147483647;
			files = (
				9B352D7F263594D300C1623B /* Scroll_View___Example_4UITests.swift in Sources */,
			);
			runOnlyForDeploymentPostprocessing = 0;
		};
/* End PBXSourcesBuildPhase section */

/* Begin PBXTargetDependency section */
		9B352D71263594D300C1623B /* PBXTargetDependency */ = {
			isa = PBXTargetDependency;
			target = 9B352D58263594D200C1623B /* Scroll View - Example 4 */;
			targetProxy = 9B352D70263594D300C1623B /* PBXContainerItemProxy */;
		};
		9B352D7C263594D300C1623B /* PBXTargetDependency */ = {
			isa = PBXTargetDependency;
			target = 9B352D58263594D200C1623B /* Scroll View - Example 4 */;
			targetProxy = 9B352D7B263594D300C1623B /* PBXContainerItemProxy */;
		};
/* End PBXTargetDependency section */

/* Begin PBXVariantGroup section */
		9B352D62263594D200C1623B /* Main.storyboard */ = {
			isa = PBXVariantGroup;
			children = (
				9B352D63263594D200C1623B /* Base */,
			);
			name = Main.storyboard;
			sourceTree = "<group>";
		};
		9B352D67263594D300C1623B /* LaunchScreen.storyboard */ = {
			isa = PBXVariantGroup;
			children = (
				9B352D68263594D300C1623B /* Base */,
			);
			name = LaunchScreen.storyboard;
			sourceTree = "<group>";
		};
/* End PBXVariantGroup section */

/* Begin XCBuildConfiguration section */
		9B352D81263594D300C1623B /* Debug */ = {
			isa = XCBuildConfiguration;
			buildSettings = {
				ALWAYS_SEARCH_USER_PATHS = NO;
				CLANG_ANALYZER_NONNULL = YES;
				CLANG_ANALYZER_NUMBER_OBJECT_CONVERSION = YES_AGGRESSIVE;
				CLANG_CXX_LANGUAGE_STANDARD = "gnu++14";
				CLANG_CXX_LIBRARY = "libc++";
				CLANG_ENABLE_MODULES = YES;
				CLANG_ENABLE_OBJC_ARC = YES;
				CLANG_ENABLE_OBJC_WEAK = YES;
				CLANG_WARN_BLOCK_CAPTURE_AUTORELEASING = YES;
				CLANG_WARN_BOOL_CONVERSION = YES;
				CLANG_WARN_COMMA = YES;
				CLANG_WARN_CONSTANT_CONVERSION = YES;
				CLANG_WARN_DEPRECATED_OBJC_IMPLEMENTATIONS = YES;
				CLANG_WARN_DIRECT_OBJC_ISA_USAGE = YES_ERROR;
				CLANG_WARN_DOCUMENTATION_COMMENTS = YES;
				CLANG_WARN_EMPTY_BODY = YES;
				CLANG_WARN_ENUM_CONVERSION = YES;
				CLANG_WARN_INFINITE_RECURSION = YES;
				CLANG_WARN_INT_CONVERSION = YES;
				CLANG_WARN_NON_LITERAL_NULL_CONVERSION = YES;
				CLANG_WARN_OBJC_IMPLICIT_RETAIN_SELF = YES;
				CLANG_WARN_OBJC_LITERAL_CONVERSION = YES;
				CLANG_WARN_OBJC_ROOT_CLASS = YES_ERROR;
				CLANG_WARN_QUOTED_INCLUDE_IN_FRAMEWORK_HEADER = YES;
				CLANG_WARN_RANGE_LOOP_ANALYSIS = YES;
				CLANG_WARN_STRICT_PROTOTYPES = YES;
				CLANG_WARN_SUSPICIOUS_MOVE = YES;
				CLANG_WARN_UNGUARDED_AVAILABILITY = YES_AGGRESSIVE;
				CLANG_WARN_UNREACHABLE_CODE = YES;
				CLANG_WARN__DUPLICATE_METHOD_MATCH = YES;
				COPY_PHASE_STRIP = NO;
				DEBUG_INFORMATION_FORMAT = dwarf;
				ENABLE_STRICT_OBJC_MSGSEND = YES;
				ENABLE_TESTABILITY = YES;
				GCC_C_LANGUAGE_STANDARD = gnu11;
				GCC_DYNAMIC_NO_PIC = NO;
				GCC_NO_COMMON_BLOCKS = YES;
				GCC_OPTIMIZATION_LEVEL = 0;
				GCC_PREPROCESSOR_DEFINITIONS = (
					"DEBUG=1",
					"$(inherited)",
				);
				GCC_WARN_64_TO_32_BIT_CONVERSION = YES;
				GCC_WARN_ABOUT_RETURN_TYPE = YES_ERROR;
				GCC_WARN_UNDECLARED_SELECTOR = YES;
				GCC_WARN_UNINITIALIZED_AUTOS = YES_AGGRESSIVE;
				GCC_WARN_UNUSED_FUNCTION = YES;
				GCC_WARN_UNUSED_VARIABLE = YES;
				IPHONEOS_DEPLOYMENT_TARGET = 14.0;
				MTL_ENABLE_DEBUG_INFO = INCLUDE_SOURCE;
				MTL_FAST_MATH = YES;
				ONLY_ACTIVE_ARCH = YES;
				SDKROOT = iphoneos;
				SWIFT_ACTIVE_COMPILATION_CONDITIONS = DEBUG;
				SWIFT_OPTIMIZATION_LEVEL = "-Onone";
			};
			name = Debug;
		};
		9B352D82263594D300C1623B /* Release */ = {
			isa = XCBuildConfiguration;
			buildSettings = {
				ALWAYS_SEARCH_USER_PATHS = NO;
				CLANG_ANALYZER_NONNULL = YES;
				CLANG_ANALYZER_NUMBER_OBJECT_CONVERSION = YES_AGGRESSIVE;
				CLANG_CXX_LANGUAGE_STANDARD = "gnu++14";
				CLANG_CXX_LIBRARY = "libc++";
				CLANG_ENABLE_MODULES = YES;
				CLANG_ENABLE_OBJC_ARC = YES;
				CLANG_ENABLE_OBJC_WEAK = YES;
				CLANG_WARN_BLOCK_CAPTURE_AUTORELEASING = YES;
				CLANG_WARN_BOOL_CONVERSION = YES;
				CLANG_WARN_COMMA = YES;
				CLANG_WARN_CONSTANT_CONVERSION = YES;
				CLANG_WARN_DEPRECATED_OBJC_IMPLEMENTATIONS = YES;
				CLANG_WARN_DIRECT_OBJC_ISA_USAGE = YES_ERROR;
				CLANG_WARN_DOCUMENTATION_COMMENTS = YES;
				CLANG_WARN_EMPTY_BODY = YES;
				CLANG_WARN_ENUM_CONVERSION = YES;
				CLANG_WARN_INFINITE_RECURSION = YES;
				CLANG_WARN_INT_CONVERSION = YES;
				CLANG_WARN_NON_LITERAL_NULL_CONVERSION = YES;
				CLANG_WARN_OBJC_IMPLICIT_RETAIN_SELF = YES;
				CLANG_WARN_OBJC_LITERAL_CONVERSION = YES;
				CLANG_WARN_OBJC_ROOT_CLASS = YES_ERROR;
				CLANG_WARN_QUOTED_INCLUDE_IN_FRAMEWORK_HEADER = YES;
				CLANG_WARN_RANGE_LOOP_ANALYSIS = YES;
				CLANG_WARN_STRICT_PROTOTYPES = YES;
				CLANG_WARN_SUSPICIOUS_MOVE = YES;
				CLANG_WARN_UNGUARDED_AVAILABILITY = YES_AGGRESSIVE;
				CLANG_WARN_UNREACHABLE_CODE = YES;
				CLANG_WARN__DUPLICATE_METHOD_MATCH = YES;
				COPY_PHASE_STRIP = NO;
				DEBUG_INFORMATION_FORMAT = "dwarf-with-dsym";
				ENABLE_NS_ASSERTIONS = NO;
				ENABLE_STRICT_OBJC_MSGSEND = YES;
				GCC_C_LANGUAGE_STANDARD = gnu11;
				GCC_NO_COMMON_BLOCKS = YES;
				GCC_WARN_64_TO_32_BIT_CONVERSION = YES;
				GCC_WARN_ABOUT_RETURN_TYPE = YES_ERROR;
				GCC_WARN_UNDECLARED_SELECTOR = YES;
				GCC_WARN_UNINITIALIZED_AUTOS = YES_AGGRESSIVE;
				GCC_WARN_UNUSED_FUNCTION = YES;
				GCC_WARN_UNUSED_VARIABLE = YES;
				IPHONEOS_DEPLOYMENT_TARGET = 14.0;
				MTL_ENABLE_DEBUG_INFO = NO;
				MTL_FAST_MATH = YES;
				SDKROOT = iphoneos;
				SWIFT_COMPILATION_MODE = wholemodule;
				SWIFT_OPTIMIZATION_LEVEL = "-O";
				VALIDATE_PRODUCT = YES;
			};
			name = Release;
		};
		9B352D84263594D300C1623B /* Debug */ = {
			isa = XCBuildConfiguration;
			buildSettings = {
				ASSETCATALOG_COMPILER_APPICON_NAME = AppIcon;
				ASSETCATALOG_COMPILER_GLOBAL_ACCENT_COLOR_NAME = AccentColor;
				CODE_SIGN_STYLE = Automatic;
				INFOPLIST_FILE = "Scroll View - Example 4/Info.plist";
				LD_RUNPATH_SEARCH_PATHS = (
					"$(inherited)",
					"@executable_path/Frameworks",
				);
				PRODUCT_BUNDLE_IDENTIFIER = "Practice.Scroll-View---Example-4";
				PRODUCT_NAME = "$(TARGET_NAME)";
				SWIFT_VERSION = 5.0;
				TARGETED_DEVICE_FAMILY = "1,2";
			};
			name = Debug;
		};
		9B352D85263594D300C1623B /* Release */ = {
			isa = XCBuildConfiguration;
			buildSettings = {
				ASSETCATALOG_COMPILER_APPICON_NAME = AppIcon;
				ASSETCATALOG_COMPILER_GLOBAL_ACCENT_COLOR_NAME = AccentColor;
				CODE_SIGN_STYLE = Automatic;
				INFOPLIST_FILE = "Scroll View - Example 4/Info.plist";
				LD_RUNPATH_SEARCH_PATHS = (
					"$(inherited)",
					"@executable_path/Frameworks",
				);
				PRODUCT_BUNDLE_IDENTIFIER = "Practice.Scroll-View---Example-4";
				PRODUCT_NAME = "$(TARGET_NAME)";
				SWIFT_VERSION = 5.0;
				TARGETED_DEVICE_FAMILY = "1,2";
			};
			name = Release;
		};
		9B352D87263594D300C1623B /* Debug */ = {
			isa = XCBuildConfiguration;
			buildSettings = {
				ALWAYS_EMBED_SWIFT_STANDARD_LIBRARIES = YES;
				BUNDLE_LOADER = "$(TEST_HOST)";
				CODE_SIGN_STYLE = Automatic;
				INFOPLIST_FILE = "Scroll View - Example 4Tests/Info.plist";
				IPHONEOS_DEPLOYMENT_TARGET = 14.0;
				LD_RUNPATH_SEARCH_PATHS = (
					"$(inherited)",
					"@executable_path/Frameworks",
					"@loader_path/Frameworks",
				);
				PRODUCT_BUNDLE_IDENTIFIER = "Practice.Scroll-View---Example-4Tests";
				PRODUCT_NAME = "$(TARGET_NAME)";
				SWIFT_VERSION = 5.0;
				TARGETED_DEVICE_FAMILY = "1,2";
				TEST_HOST = "$(BUILT_PRODUCTS_DIR)/Scroll View - Example 4.app/Scroll View - Example 4";
			};
			name = Debug;
		};
		9B352D88263594D300C1623B /* Release */ = {
			isa = XCBuildConfiguration;
			buildSettings = {
				ALWAYS_EMBED_SWIFT_STANDARD_LIBRARIES = YES;
				BUNDLE_LOADER = "$(TEST_HOST)";
				CODE_SIGN_STYLE = Automatic;
				INFOPLIST_FILE = "Scroll View - Example 4Tests/Info.plist";
				IPHONEOS_DEPLOYMENT_TARGET = 14.0;
				LD_RUNPATH_SEARCH_PATHS = (
					"$(inherited)",
					"@executable_path/Frameworks",
					"@loader_path/Frameworks",
				);
				PRODUCT_BUNDLE_IDENTIFIER = "Practice.Scroll-View---Example-4Tests";
				PRODUCT_NAME = "$(TARGET_NAME)";
				SWIFT_VERSION = 5.0;
				TARGETED_DEVICE_FAMILY = "1,2";
				TEST_HOST = "$(BUILT_PRODUCTS_DIR)/Scroll View - Example 4.app/Scroll View - Example 4";
			};
			name = Release;
		};
		9B352D8A263594D300C1623B /* Debug */ = {
			isa = XCBuildConfiguration;
			buildSettings = {
				ALWAYS_EMBED_SWIFT_STANDARD_LIBRARIES = YES;
				CODE_SIGN_STYLE = Automatic;
				INFOPLIST_FILE = "Scroll View - Example 4UITests/Info.plist";
				LD_RUNPATH_SEARCH_PATHS = (
					"$(inherited)",
					"@executable_path/Frameworks",
					"@loader_path/Frameworks",
				);
				PRODUCT_BUNDLE_IDENTIFIER = "Practice.Scroll-View---Example-4UITests";
				PRODUCT_NAME = "$(TARGET_NAME)";
				SWIFT_VERSION = 5.0;
				TARGETED_DEVICE_FAMILY = "1,2";
				TEST_TARGET_NAME = "Scroll View - Example 4";
			};
			name = Debug;
		};
		9B352D8B263594D300C1623B /* Release */ = {
			isa = XCBuildConfiguration;
			buildSettings = {
				ALWAYS_EMBED_SWIFT_STANDARD_LIBRARIES = YES;
				CODE_SIGN_STYLE = Automatic;
				INFOPLIST_FILE = "Scroll View - Example 4UITests/Info.plist";
				LD_RUNPATH_SEARCH_PATHS = (
					"$(inherited)",
					"@executable_path/Frameworks",
					"@loader_path/Frameworks",
				);
				PRODUCT_BUNDLE_IDENTIFIER = "Practice.Scroll-View---Example-4UITests";
				PRODUCT_NAME = "$(TARGET_NAME)";
				SWIFT_VERSION = 5.0;
				TARGETED_DEVICE_FAMILY = "1,2";
				TEST_TARGET_NAME = "Scroll View - Example 4";
			};
			name = Release;
		};
/* End XCBuildConfiguration section */

/* Begin XCConfigurationList section */
		9B352D54263594D200C1623B /* Build configuration list for PBXProject "Scroll View - Example 4" */ = {
			isa = XCConfigurationList;
			buildConfigurations = (
				9B352D81263594D300C1623B /* Debug */,
				9B352D82263594D300C1623B /* Release */,
			);
			defaultConfigurationIsVisible = 0;
			defaultConfigurationName = Release;
		};
		9B352D83263594D300C1623B /* Build configuration list for PBXNativeTarget "Scroll View - Example 4" */ = {
			isa = XCConfigurationList;
			buildConfigurations = (
				9B352D84263594D300C1623B /* Debug */,
				9B352D85263594D300C1623B /* Release */,
			);
			defaultConfigurationIsVisible = 0;
			defaultConfigurationName = Release;
		};
		9B352D86263594D300C1623B /* Build configuration list for PBXNativeTarget "Scroll View - Example 4Tests" */ = {
			isa = XCConfigurationList;
			buildConfigurations = (
				9B352D87263594D300C1623B /* Debug */,
				9B352D88263594D300C1623B /* Release */,
			);
			defaultConfigurationIsVisible = 0;
			defaultConfigurationName = Release;
		};
		9B352D89263594D300C1623B /* Build configuration list for PBXNativeTarget "Scroll View - Example 4UITests" */ = {
			isa = XCConfigurationList;
			buildConfigurations = (
				9B352D8A263594D300C1623B /* Debug */,
				9B352D8B263594D300C1623B /* Release */,
			);
			defaultConfigurationIsVisible = 0;
			defaultConfigurationName = Release;
		};
/* End XCConfigurationList section */
	};
	rootObject = 9B352D51263594D200C1623B /* Project object */;
}
